
Microsoft Visual Studio Solution File, Format Version 12.00
# Visual Studio Version 17
VisualStudioVersion = 17.13.35931.197
MinimumVisualStudioVersion = 10.0.40219.1
Project("{2150E333-8FDC-42A3-9474-1A3956D46DE8}") = "src", "src", "{02EA681E-C7D8-13C7-8484-4AC65E1B71E8}"
EndProject
Project("{2150E333-8FDC-42A3-9474-1A3956D46DE8}") = "test", "test", "{A640C83E-0451-413E-9CD0-C907A09C4163}"
EndProject
Project("{2150E333-8FDC-42A3-9474-1A3956D46DE8}") = "API", "API", "{3D810B55-AF90-4D88-8FAF-747C1885F2E3}"
EndProject
Project("{2150E333-8FDC-42A3-9474-1A3956D46DE8}") = "Core", "Core", "{77E60D35-4211-499A-9819-1885FBBBBFDF}"
EndProject
Project("{2150E333-8FDC-42A3-9474-1A3956D46DE8}") = "Infrastructure", "Infrastructure", "{E4E59249-6029-4540-A199-E78A04AF45A6}"
EndProject
Project("{2150E333-8FDC-42A3-9474-1A3956D46DE8}") = "UI", "UI", "{E91AC13A-D4EF-440A-860E-678A1C5267E9}"
EndProject
Project("{FAE04EC0-301F-11D3-BF4B-00C04F79EFBC}") = "HR.LeaveManagement.Domain", "HR.LeaveManagement.Domain\HR.LeaveManagement.Domain.csproj", "{9C43F3EF-097C-44E1-80BE-5E08CB3C6E3A}"
EndProject
Project("{FAE04EC0-301F-11D3-BF4B-00C04F79EFBC}") = "HR.LeaveManagement.Application", "HR.LeaveManagement.Application\HR.LeaveManagement.Application.csproj", "{07FCCB30-49E2-4026-B09E-01F5B09D9E62}"
EndProject
Project("{FAE04EC0-301F-11D3-BF4B-00C04F79EFBC}") = "HR.LeaveManagement.Persistence", "HR.LeaveManagement.Persistence\HR.LeaveManagement.Persistence.csproj", "{22FCD81E-4523-4561-9563-B67B42B1EC9B}"
EndProject
Project("{FAE04EC0-301F-11D3-BF4B-00C04F79EFBC}") = "HR.LeaveManagement.Infrastructure", "HR.LeaveManagement.Infrastructure\HR.LeaveManagement.Infrastructure.csproj", "{FDFA0DEC-2B3A-4B7C-A25D-EB92A72E86F8}"
EndProject
Global
	GlobalSection(SolutionConfigurationPlatforms) = preSolution
		Debug|Any CPU = Debug|Any CPU
		Release|Any CPU = Release|Any CPU
	EndGlobalSection
	GlobalSection(ProjectConfigurationPlatforms) = postSolution
		{9C43F3EF-097C-44E1-80BE-5E08CB3C6E3A}.Debug|Any CPU.ActiveCfg = Debug|Any CPU
		{9C43F3EF-097C-44E1-80BE-5E08CB3C6E3A}.Debug|Any CPU.Build.0 = Debug|Any CPU
		{9C43F3EF-097C-44E1-80BE-5E08CB3C6E3A}.Release|Any CPU.ActiveCfg = Release|Any CPU
		{9C43F3EF-097C-44E1-80BE-5E08CB3C6E3A}.Release|Any CPU.Build.0 = Release|Any CPU
		{07FCCB30-49E2-4026-B09E-01F5B09D9E62}.Debug|Any CPU.ActiveCfg = Debug|Any CPU
		{07FCCB30-49E2-4026-B09E-01F5B09D9E62}.Debug|Any CPU.Build.0 = Debug|Any CPU
		{07FCCB30-49E2-4026-B09E-01F5B09D9E62}.Release|Any CPU.ActiveCfg = Release|Any CPU
		{07FCCB30-49E2-4026-B09E-01F5B09D9E62}.Release|Any CPU.Build.0 = Release|Any CPU
		{22FCD81E-4523-4561-9563-B67B42B1EC9B}.Debug|Any CPU.ActiveCfg = Debug|Any CPU
		{22FCD81E-4523-4561-9563-B67B42B1EC9B}.Debug|Any CPU.Build.0 = Debug|Any CPU
		{22FCD81E-4523-4561-9563-B67B42B1EC9B}.Release|Any CPU.ActiveCfg = Release|Any CPU
		{22FCD81E-4523-4561-9563-B67B42B1EC9B}.Release|Any CPU.Build.0 = Release|Any CPU
		{FDFA0DEC-2B3A-4B7C-A25D-EB92A72E86F8}.Debug|Any CPU.ActiveCfg = Debug|Any CPU
		{FDFA0DEC-2B3A-4B7C-A25D-EB92A72E86F8}.Debug|Any CPU.Build.0 = Debug|Any CPU
		{FDFA0DEC-2B3A-4B7C-A25D-EB92A72E86F8}.Release|Any CPU.ActiveCfg = Release|Any CPU
		{FDFA0DEC-2B3A-4B7C-A25D-EB92A72E86F8}.Release|Any CPU.Build.0 = Release|Any CPU
	EndGlobalSection
	GlobalSection(SolutionProperties) = preSolution
		HideSolutionNode = FALSE
	EndGlobalSection
	GlobalSection(NestedProjects) = preSolution
		{3D810B55-AF90-4D88-8FAF-747C1885F2E3} = {02EA681E-C7D8-13C7-8484-4AC65E1B71E8}
		{77E60D35-4211-499A-9819-1885FBBBBFDF} = {02EA681E-C7D8-13C7-8484-4AC65E1B71E8}
		{E4E59249-6029-4540-A199-E78A04AF45A6} = {02EA681E-C7D8-13C7-8484-4AC65E1B71E8}
		{E91AC13A-D4EF-440A-860E-678A1C5267E9} = {02EA681E-C7D8-13C7-8484-4AC65E1B71E8}
		{9C43F3EF-097C-44E1-80BE-5E08CB3C6E3A} = {77E60D35-4211-499A-9819-1885FBBBBFDF}
		{07FCCB30-49E2-4026-B09E-01F5B09D9E62} = {77E60D35-4211-499A-9819-1885FBBBBFDF}
		{22FCD81E-4523-4561-9563-B67B42B1EC9B} = {E4E59249-6029-4540-A199-E78A04AF45A6}
		{FDFA0DEC-2B3A-4B7C-A25D-EB92A72E86F8} = {E4E59249-6029-4540-A199-E78A04AF45A6}
	EndGlobalSection
	GlobalSection(ExtensibilityGlobals) = postSolution
		SolutionGuid = {853625F2-1A20-4368-8B0E-D85F8F56C6F2}
	EndGlobalSection
EndGlobal
